
Microsoft Visual Studio Solution File, Format Version 12.00
# Visual Studio 14
VisualStudioVersion = 14.0.25420.1
MinimumVisualStudioVersion = 10.0.40219.1
Project("{FAE04EC0-301F-11D3-BF4B-00C04F79EFBC}") = "desafioMusical2", "desafioMusical2\desafioMusical2.csproj", "{B7882ADB-48F9-4BAD-9731-1C25EC6D6E60}"
EndProject
Project("{FAE04EC0-301F-11D3-BF4B-00C04F79EFBC}") = "desafioMusical2.Tests", "desafioMusical2.Tests\desafioMusical2.Tests.csproj", "{4AA425A4-58BA-4431-90A7-9D4B982B5302}"
EndProject
Global
	GlobalSection(SolutionConfigurationPlatforms) = preSolution
		Debug|Any CPU = Debug|Any CPU
		Release|Any CPU = Release|Any CPU
	EndGlobalSection
	GlobalSection(ProjectConfigurationPlatforms) = postSolution
		{B7882ADB-48F9-4BAD-9731-1C25EC6D6E60}.Debug|Any CPU.ActiveCfg = Debug|Any CPU
		{B7882ADB-48F9-4BAD-9731-1C25EC6D6E60}.Debug|Any CPU.Build.0 = Debug|Any CPU
		{B7882ADB-48F9-4BAD-9731-1C25EC6D6E60}.Release|Any CPU.ActiveCfg = Release|Any CPU
		{B7882ADB-48F9-4BAD-9731-1C25EC6D6E60}.Release|Any CPU.Build.0 = Release|Any CPU
		{4AA425A4-58BA-4431-90A7-9D4B982B5302}.Debug|Any CPU.ActiveCfg = Debug|Any CPU
		{4AA425A4-58BA-4431-90A7-9D4B982B5302}.Debug|Any CPU.Build.0 = Debug|Any CPU
		{4AA425A4-58BA-4431-90A7-9D4B982B5302}.Release|Any CPU.ActiveCfg = Release|Any CPU
		{4AA425A4-58BA-4431-90A7-9D4B982B5302}.Release|Any CPU.Build.0 = Release|Any CPU
	EndGlobalSection
	GlobalSection(SolutionProperties) = preSolution
		HideSolutionNode = FALSE
	EndGlobalSection
EndGlobal
